// !$*UTF8*$!
{
	archiveVersion = 1;
	classes = {
	};
	objectVersion = 50;
	objects = {

/* Begin PBXBuildFile section */
		924B025E24C64D80006AE240 /* test.json in Resources */ = {isa = PBXBuildFile; fileRef = 924B025C24C64D4C006AE240 /* test.json */; };
		9294B7EC24C6448A0032F79E /* AppDelegate.swift in Sources */ = {isa = PBXBuildFile; fileRef = 9294B7EB24C6448A0032F79E /* AppDelegate.swift */; };
		9294B7EE24C6448A0032F79E /* SceneDelegate.swift in Sources */ = {isa = PBXBuildFile; fileRef = 9294B7ED24C6448A0032F79E /* SceneDelegate.swift */; };
		9294B7F024C6448A0032F79E /* ListViewController.swift in Sources */ = {isa = PBXBuildFile; fileRef = 9294B7EF24C6448A0032F79E /* ListViewController.swift */; };
		9294B7F324C6448A0032F79E /* Main.storyboard in Resources */ = {isa = PBXBuildFile; fileRef = 9294B7F124C6448A0032F79E /* Main.storyboard */; };
		9294B7F524C6448D0032F79E /* Assets.xcassets in Resources */ = {isa = PBXBuildFile; fileRef = 9294B7F424C6448D0032F79E /* Assets.xcassets */; };
		9294B7F824C6448D0032F79E /* LaunchScreen.storyboard in Resources */ = {isa = PBXBuildFile; fileRef = 9294B7F624C6448D0032F79E /* LaunchScreen.storyboard */; };
		9294B80024C6479D0032F79E /* ItemModel.swift in Sources */ = {isa = PBXBuildFile; fileRef = 9294B7FF24C6479D0032F79E /* ItemModel.swift */; };
		92EEA91124C653E300A7590F /* test.json in Sources */ = {isa = PBXBuildFile; fileRef = 924B025C24C64D4C006AE240 /* test.json */; };
		92EEA91324C6864D00A7590F /* DetailViewController.swift in Sources */ = {isa = PBXBuildFile; fileRef = 92EEA91224C6864D00A7590F /* DetailViewController.swift */; };
		92EEA91624C6880E00A7590F /* Extensions.swift in Sources */ = {isa = PBXBuildFile; fileRef = 92EEA91524C6880E00A7590F /* Extensions.swift */; };
/* End PBXBuildFile section */

/* Begin PBXFileReference section */
		924B025C24C64D4C006AE240 /* test.json */ = {isa = PBXFileReference; lastKnownFileType = text.json; path = test.json; sourceTree = "<group>"; };
		9294B7E824C6448A0032F79E /* GoNet.app */ = {isa = PBXFileReference; explicitFileType = wrapper.application; includeInIndex = 0; path = GoNet.app; sourceTree = BUILT_PRODUCTS_DIR; };
		9294B7EB24C6448A0032F79E /* AppDelegate.swift */ = {isa = PBXFileReference; lastKnownFileType = sourcecode.swift; path = AppDelegate.swift; sourceTree = "<group>"; };
		9294B7ED24C6448A0032F79E /* SceneDelegate.swift */ = {isa = PBXFileReference; lastKnownFileType = sourcecode.swift; path = SceneDelegate.swift; sourceTree = "<group>"; };
		9294B7EF24C6448A0032F79E /* ListViewController.swift */ = {isa = PBXFileReference; lastKnownFileType = sourcecode.swift; path = ListViewController.swift; sourceTree = "<group>"; };
		9294B7F224C6448A0032F79E /* Base */ = {isa = PBXFileReference; lastKnownFileType = file.storyboard; name = Base; path = Base.lproj/Main.storyboard; sourceTree = "<group>"; };
		9294B7F424C6448D0032F79E /* Assets.xcassets */ = {isa = PBXFileReference; lastKnownFileType = folder.assetcatalog; path = Assets.xcassets; sourceTree = "<group>"; };
		9294B7F724C6448D0032F79E /* Base */ = {isa = PBXFileReference; lastKnownFileType = file.storyboard; name = Base; path = Base.lproj/LaunchScreen.storyboard; sourceTree = "<group>"; };
		9294B7F924C6448D0032F79E /* Info.plist */ = {isa = PBXFileReference; lastKnownFileType = text.plist.xml; path = Info.plist; sourceTree = "<group>"; };
		9294B7FF24C6479D0032F79E /* ItemModel.swift */ = {isa = PBXFileReference; lastKnownFileType = sourcecode.swift; path = ItemModel.swift; sourceTree = "<group>"; };
		92EEA91224C6864D00A7590F /* DetailViewController.swift */ = {isa = PBXFileReference; lastKnownFileType = sourcecode.swift; path = DetailViewController.swift; sourceTree = "<group>"; };
		92EEA91524C6880E00A7590F /* Extensions.swift */ = {isa = PBXFileReference; lastKnownFileType = sourcecode.swift; path = Extensions.swift; sourceTree = "<group>"; };
/* End PBXFileReference section */

/* Begin PBXFrameworksBuildPhase section */
		9294B7E524C6448A0032F79E /* Frameworks */ = {
			isa = PBXFrameworksBuildPhase;
			buildActionMask = 2147483647;
			files = (
			);
			runOnlyForDeploymentPostprocessing = 0;
		};
/* End PBXFrameworksBuildPhase section */

/* Begin PBXGroup section */
		924B025B24C64D3A006AE240 /* Test */ = {
			isa = PBXGroup;
			children = (
				924B025C24C64D4C006AE240 /* test.json */,
			);
			path = Test;
			sourceTree = "<group>";
		};
		9294B7DF24C6448A0032F79E = {
			isa = PBXGroup;
			children = (
				9294B7EA24C6448A0032F79E /* GoNet */,
				9294B7E924C6448A0032F79E /* Products */,
			);
			sourceTree = "<group>";
		};
		9294B7E924C6448A0032F79E /* Products */ = {
			isa = PBXGroup;
			children = (
				9294B7E824C6448A0032F79E /* GoNet.app */,
			);
			name = Products;
			sourceTree = "<group>";
		};
		9294B7EA24C6448A0032F79E /* GoNet */ = {
			isa = PBXGroup;
			children = (
				9294B7EB24C6448A0032F79E /* AppDelegate.swift */,
				9294B7ED24C6448A0032F79E /* SceneDelegate.swift */,
				9294B80324C648700032F79E /* Model */,
				9294B80124C6485E0032F79E /* Views */,
				9294B80224C648690032F79E /* Controllers */,
				92EEA91424C687FF00A7590F /* Utils */,
				9294B7F424C6448D0032F79E /* Assets.xcassets */,
				9294B7F924C6448D0032F79E /* Info.plist */,
			);
			path = GoNet;
			sourceTree = "<group>";
		};
		9294B80124C6485E0032F79E /* Views */ = {
			isa = PBXGroup;
			children = (
				9294B7F124C6448A0032F79E /* Main.storyboard */,
				9294B7F624C6448D0032F79E /* LaunchScreen.storyboard */,
			);
			path = Views;
			sourceTree = "<group>";
		};
		9294B80224C648690032F79E /* Controllers */ = {
			isa = PBXGroup;
			children = (
				9294B7EF24C6448A0032F79E /* ListViewController.swift */,
				92EEA91224C6864D00A7590F /* DetailViewController.swift */,
			);
			path = Controllers;
			sourceTree = "<group>";
		};
		9294B80324C648700032F79E /* Model */ = {
			isa = PBXGroup;
			children = (
				924B025B24C64D3A006AE240 /* Test */,
				9294B7FF24C6479D0032F79E /* ItemModel.swift */,
			);
			path = Model;
			sourceTree = "<group>";
		};
		92EEA91424C687FF00A7590F /* Utils */ = {
			isa = PBXGroup;
			children = (
				92EEA91524C6880E00A7590F /* Extensions.swift */,
			);
			path = Utils;
			sourceTree = "<group>";
		};
/* End PBXGroup section */

/* Begin PBXNativeTarget section */
		9294B7E724C6448A0032F79E /* GoNet */ = {
			isa = PBXNativeTarget;
			buildConfigurationList = 9294B7FC24C6448D0032F79E /* Build configuration list for PBXNativeTarget "GoNet" */;
			buildPhases = (
				9294B7E424C6448A0032F79E /* Sources */,
				9294B7E524C6448A0032F79E /* Frameworks */,
				9294B7E624C6448A0032F79E /* Resources */,
			);
			buildRules = (
			);
			dependencies = (
			);
			name = GoNet;
			productName = GoNet;
			productReference = 9294B7E824C6448A0032F79E /* GoNet.app */;
			productType = "com.apple.product-type.application";
		};
/* End PBXNativeTarget section */

/* Begin PBXProject section */
		9294B7E024C6448A0032F79E /* Project object */ = {
			isa = PBXProject;
			attributes = {
				LastSwiftUpdateCheck = 1150;
				LastUpgradeCheck = 1150;
				ORGANIZATIONNAME = CERR;
				TargetAttributes = {
					9294B7E724C6448A0032F79E = {
						CreatedOnToolsVersion = 11.5;
					};
				};
			};
			buildConfigurationList = 9294B7E324C6448A0032F79E /* Build configuration list for PBXProject "GoNet" */;
			compatibilityVersion = "Xcode 9.3";
			developmentRegion = en;
			hasScannedForEncodings = 0;
			knownRegions = (
				en,
				Base,
			);
			mainGroup = 9294B7DF24C6448A0032F79E;
			productRefGroup = 9294B7E924C6448A0032F79E /* Products */;
			projectDirPath = "";
			projectRoot = "";
			targets = (
				9294B7E724C6448A0032F79E /* GoNet */,
			);
		};
/* End PBXProject section */

/* Begin PBXResourcesBuildPhase section */
		9294B7E624C6448A0032F79E /* Resources */ = {
			isa = PBXResourcesBuildPhase;
			buildActionMask = 2147483647;
			files = (
				9294B7F824C6448D0032F79E /* LaunchScreen.storyboard in Resources */,
				9294B7F524C6448D0032F79E /* Assets.xcassets in Resources */,
				9294B7F324C6448A0032F79E /* Main.storyboard in Resources */,
				924B025E24C64D80006AE240 /* test.json in Resources */,
			);
			runOnlyForDeploymentPostprocessing = 0;
		};
/* End PBXResourcesBuildPhase section */

/* Begin PBXSourcesBuildPhase section */
		9294B7E424C6448A0032F79E /* Sources */ = {
			isa = PBXSourcesBuildPhase;
			buildActionMask = 2147483647;
			files = (
				9294B7F024C6448A0032F79E /* ListViewController.swift in Sources */,
				92EEA91124C653E300A7590F /* test.json in Sources */,
				9294B7EC24C6448A0032F79E /* AppDelegate.swift in Sources */,
				92EEA91324C6864D00A7590F /* DetailViewController.swift in Sources */,
				9294B80024C6479D0032F79E /* ItemModel.swift in Sources */,
				9294B7EE24C6448A0032F79E /* SceneDelegate.swift in Sources */,
				92EEA91624C6880E00A7590F /* Extensions.swift in Sources */,
			);
			runOnlyForDeploymentPostprocessing = 0;
		};
/* End PBXSourcesBuildPhase section */

/* Begin PBXVariantGroup section */
		9294B7F124C6448A0032F79E /* Main.storyboard */ = {
			isa = PBXVariantGroup;
			children = (
				9294B7F224C6448A0032F79E /* Base */,
			);
			name = Main.storyboard;
			sourceTree = "<group>";
		};
		9294B7F624C6448D0032F79E /* LaunchScreen.storyboard */ = {
			isa = PBXVariantGroup;
			children = (
				9294B7F724C6448D0032F79E /* Base */,
			);
			name = LaunchScreen.storyboard;
			sourceTree = "<group>";
		};
/* End PBXVariantGroup section */

/* Begin XCBuildConfiguration section */
		9294B7FA24C6448D0032F79E /* Debug */ = {
			isa = XCBuildConfiguration;
			buildSettings = {
				ALWAYS_SEARCH_USER_PATHS = NO;
				CLANG_ANALYZER_NONNULL = YES;
				CLANG_ANALYZER_NUMBER_OBJECT_CONVERSION = YES_AGGRESSIVE;
				CLANG_CXX_LANGUAGE_STANDARD = "gnu++14";
				CLANG_CXX_LIBRARY = "libc++";
				CLANG_ENABLE_MODULES = YES;
				CLANG_ENABLE_OBJC_ARC = YES;
				CLANG_ENABLE_OBJC_WEAK = YES;
				CLANG_WARN_BLOCK_CAPTURE_AUTORELEASING = YES;
				CLANG_WARN_BOOL_CONVERSION = YES;
				CLANG_WARN_COMMA = YES;
				CLANG_WARN_CONSTANT_CONVERSION = YES;
				CLANG_WARN_DEPRECATED_OBJC_IMPLEMENTATIONS = YES;
				CLANG_WARN_DIRECT_OBJC_ISA_USAGE = YES_ERROR;
				CLANG_WARN_DOCUMENTATION_COMMENTS = YES;
				CLANG_WARN_EMPTY_BODY = YES;
				CLANG_WARN_ENUM_CONVERSION = YES;
				CLANG_WARN_INFINITE_RECURSION = YES;
				CLANG_WARN_INT_CONVERSION = YES;
				CLANG_WARN_NON_LITERAL_NULL_CONVERSION = YES;
				CLANG_WARN_OBJC_IMPLICIT_RETAIN_SELF = YES;
				CLANG_WARN_OBJC_LITERAL_CONVERSION = YES;
				CLANG_WARN_OBJC_ROOT_CLASS = YES_ERROR;
				CLANG_WARN_RANGE_LOOP_ANALYSIS = YES;
				CLANG_WARN_STRICT_PROTOTYPES = YES;
				CLANG_WARN_SUSPICIOUS_MOVE = YES;
				CLANG_WARN_UNGUARDED_AVAILABILITY = YES_AGGRESSIVE;
				CLANG_WARN_UNREACHABLE_CODE = YES;
				CLANG_WARN__DUPLICATE_METHOD_MATCH = YES;
				COPY_PHASE_STRIP = NO;
				DEBUG_INFORMATION_FORMAT = dwarf;
				ENABLE_STRICT_OBJC_MSGSEND = YES;
				ENABLE_TESTABILITY = YES;
				GCC_C_LANGUAGE_STANDARD = gnu11;
				GCC_DYNAMIC_NO_PIC = NO;
				GCC_NO_COMMON_BLOCKS = YES;
				GCC_OPTIMIZATION_LEVEL = 0;
				GCC_PREPROCESSOR_DEFINITIONS = (
					"DEBUG=1",
					"$(inherited)",
				);
				GCC_WARN_64_TO_32_BIT_CONVERSION = YES;
				GCC_WARN_ABOUT_RETURN_TYPE = YES_ERROR;
				GCC_WARN_UNDECLARED_SELECTOR = YES;
				GCC_WARN_UNINITIALIZED_AUTOS = YES_AGGRESSIVE;
				GCC_WARN_UNUSED_FUNCTION = YES;
				GCC_WARN_UNUSED_VARIABLE = YES;
				IPHONEOS_DEPLOYMENT_TARGET = 13.5;
				MTL_ENABLE_DEBUG_INFO = INCLUDE_SOURCE;
				MTL_FAST_MATH = YES;
				ONLY_ACTIVE_ARCH = YES;
				SDKROOT = iphoneos;
				SWIFT_ACTIVE_COMPILATION_CONDITIONS = DEBUG;
				SWIFT_OPTIMIZATION_LEVEL = "-Onone";
			};
			name = Debug;
		};
		9294B7FB24C6448D0032F79E /* Release */ = {
			isa = XCBuildConfiguration;
			buildSettings = {
				ALWAYS_SEARCH_USER_PATHS = NO;
				CLANG_ANALYZER_NONNULL = YES;
				CLANG_ANALYZER_NUMBER_OBJECT_CONVERSION = YES_AGGRESSIVE;
				CLANG_CXX_LANGUAGE_STANDARD = "gnu++14";
				CLANG_CXX_LIBRARY = "libc++";
				CLANG_ENABLE_MODULES = YES;
				CLANG_ENABLE_OBJC_ARC = YES;
				CLANG_ENABLE_OBJC_WEAK = YES;
				CLANG_WARN_BLOCK_CAPTURE_AUTORELEASING = YES;
				CLANG_WARN_BOOL_CONVERSION = YES;
				CLANG_WARN_COMMA = YES;
				CLANG_WARN_CONSTANT_CONVERSION = YES;
				CLANG_WARN_DEPRECATED_OBJC_IMPLEMENTATIONS = YES;
				CLANG_WARN_DIRECT_OBJC_ISA_USAGE = YES_ERROR;
				CLANG_WARN_DOCUMENTATION_COMMENTS = YES;
				CLANG_WARN_EMPTY_BODY = YES;
				CLANG_WARN_ENUM_CONVERSION = YES;
				CLANG_WARN_INFINITE_RECURSION = YES;
				CLANG_WARN_INT_CONVERSION = YES;
				CLANG_WARN_NON_LITERAL_NULL_CONVERSION = YES;
				CLANG_WARN_OBJC_IMPLICIT_RETAIN_SELF = YES;
				CLANG_WARN_OBJC_LITERAL_CONVERSION = YES;
				CLANG_WARN_OBJC_ROOT_CLASS = YES_ERROR;
				CLANG_WARN_RANGE_LOOP_ANALYSIS = YES;
				CLANG_WARN_STRICT_PROTOTYPES = YES;
				CLANG_WARN_SUSPICIOUS_MOVE = YES;
				CLANG_WARN_UNGUARDED_AVAILABILITY = YES_AGGRESSIVE;
				CLANG_WARN_UNREACHABLE_CODE = YES;
				CLANG_WARN__DUPLICATE_METHOD_MATCH = YES;
				COPY_PHASE_STRIP = NO;
				DEBUG_INFORMATION_FORMAT = "dwarf-with-dsym";
				ENABLE_NS_ASSERTIONS = NO;
				ENABLE_STRICT_OBJC_MSGSEND = YES;
				GCC_C_LANGUAGE_STANDARD = gnu11;
				GCC_NO_COMMON_BLOCKS = YES;
				GCC_WARN_64_TO_32_BIT_CONVERSION = YES;
				GCC_WARN_ABOUT_RETURN_TYPE = YES_ERROR;
				GCC_WARN_UNDECLARED_SELECTOR = YES;
				GCC_WARN_UNINITIALIZED_AUTOS = YES_AGGRESSIVE;
				GCC_WARN_UNUSED_FUNCTION = YES;
				GCC_WARN_UNUSED_VARIABLE = YES;
				IPHONEOS_DEPLOYMENT_TARGET = 13.5;
				MTL_ENABLE_DEBUG_INFO = NO;
				MTL_FAST_MATH = YES;
				SDKROOT = iphoneos;
				SWIFT_COMPILATION_MODE = wholemodule;
				SWIFT_OPTIMIZATION_LEVEL = "-O";
				VALIDATE_PRODUCT = YES;
			};
			name = Release;
		};
		9294B7FD24C6448D0032F79E /* Debug */ = {
			isa = XCBuildConfiguration;
			buildSettings = {
				ASSETCATALOG_COMPILER_APPICON_NAME = AppIcon;
				CODE_SIGN_STYLE = Automatic;
				INFOPLIST_FILE = GoNet/Info.plist;
				LD_RUNPATH_SEARCH_PATHS = (
					"$(inherited)",
					"@executable_path/Frameworks",
				);
				PRODUCT_BUNDLE_IDENTIFIER = mx.com.cerr.GoNet;
				PRODUCT_NAME = "$(TARGET_NAME)";
				SWIFT_VERSION = 5.0;
				TARGETED_DEVICE_FAMILY = "1,2";
			};
			name = Debug;
		};
		9294B7FE24C6448D0032F79E /* Release */ = {
			isa = XCBuildConfiguration;
			buildSettings = {
				ASSETCATALOG_COMPILER_APPICON_NAME = AppIcon;
				CODE_SIGN_STYLE = Automatic;
				INFOPLIST_FILE = GoNet/Info.plist;
				LD_RUNPATH_SEARCH_PATHS = (
					"$(inherited)",
					"@executable_path/Frameworks",
				);
				PRODUCT_BUNDLE_IDENTIFIER = mx.com.cerr.GoNet;
				PRODUCT_NAME = "$(TARGET_NAME)";
				SWIFT_VERSION = 5.0;
				TARGETED_DEVICE_FAMILY = "1,2";
			};
			name = Release;
		};
/* End XCBuildConfiguration section */

/* Begin XCConfigurationList section */
		9294B7E324C6448A0032F79E /* Build configuration list for PBXProject "GoNet" */ = {
			isa = XCConfigurationList;
			buildConfigurations = (
				9294B7FA24C6448D0032F79E /* Debug */,
				9294B7FB24C6448D0032F79E /* Release */,
			);
			defaultConfigurationIsVisible = 0;
			defaultConfigurationName = Release;
		};
		9294B7FC24C6448D0032F79E /* Build configuration list for PBXNativeTarget "GoNet" */ = {
			isa = XCConfigurationList;
			buildConfigurations = (
				9294B7FD24C6448D0032F79E /* Debug */,
				9294B7FE24C6448D0032F79E /* Release */,
			);
			defaultConfigurationIsVisible = 0;
			defaultConfigurationName = Release;
		};
/* End XCConfigurationList section */
	};
	rootObject = 9294B7E024C6448A0032F79E /* Project object */;
}
